
Microsoft Visual Studio Solution File, Format Version 12.00
# Visual Studio Version 16
VisualStudioVersion = 16.0.29806.167
MinimumVisualStudioVersion = 10.0.40219.1
Project("{FAE04EC0-301F-11D3-BF4B-00C04F79EFBC}") = "Hello World", "Hello World\Hello World.csproj", "{21F887E2-364A-4997-A26F-71E93670110B}"
EndProject
Global
	GlobalSection(SolutionConfigurationPlatforms) = preSolution
		Debug|Any CPU = Debug|Any CPU
		Release|Any CPU = Release|Any CPU
	EndGlobalSection
	GlobalSection(ProjectConfigurationPlatforms) = postSolution
		{21F887E2-364A-4997-A26F-71E93670110B}.Debug|Any CPU.ActiveCfg = Debug|Any CPU
		{21F887E2-364A-4997-A26F-71E93670110B}.Debug|Any CPU.Build.0 = Debug|Any CPU
		{21F887E2-364A-4997-A26F-71E93670110B}.Release|Any CPU.ActiveCfg = Release|Any CPU
		{21F887E2-364A-4997-A26F-71E93670110B}.Release|Any CPU.Build.0 = Release|Any CPU
	EndGlobalSection
	GlobalSection(SolutionProperties) = preSolution
		HideSolutionNode = FALSE
	EndGlobalSection
	GlobalSection(ExtensibilityGlobals) = postSolution
		SolutionGuid = {DF893360-D03E-4556-97CD-D21F68E49539}
	EndGlobalSection
EndGlobal
